<?xml version="1.0" encoding="utf-8"?>
<Project ToolsVersion="4.0" xmlns="http://schemas.microsoft.com/developer/msbuild/2003">
  <ItemGroup>
    <Filter Include="Source Files">
      <UniqueIdentifier>{4FC737F1-C7A5-4376-A066-2A32D752A2FF}</UniqueIdentifier>
      <Extensions>cpp;c;cc;cxx;def;odl;idl;hpj;bat;asm;asmx</Extensions>
    </Filter>
    <Filter Include="Header Files">
      <UniqueIdentifier>{93995380-89BD-4b04-88EB-625FBE52EBFB}</UniqueIdentifier>
      <Extensions>h;hpp;hxx;hm;inl;inc;xsd</Extensions>
    </Filter>
  </ItemGroup>
  <ItemGroup>
    <ClCompile Include="src\ccd.cpp">
      <Filter>Source Files</Filter>
    </ClCompile>
    <ClCompile Include="src\cmesh.cpp">
      <Filter>Source Files</Filter>
    </ClCompile>
    <ClCompile Include="src\cmodel.cpp">
      <Filter>Source Files</Filter>
    </ClCompile>
    <ClCompile Include="src\cubic.cpp">
      <Filter>Source Files</Filter>
    </ClCompile>
    <ClCompile Include="src\obj-viewer.cpp">
      <Filter>Source Files</Filter>
    </ClCompile>
  </ItemGroup>
  <ItemGroup>
    <ClInclude Include="src\ccd.h">
      <Filter>Source Files</Filter>
    </ClInclude>
    <ClInclude Include="src\cmesh.h">
      <Filter>Source Files</Filter>
    </ClInclude>
    <ClInclude Include="src\cubic.h">
      <Filter>Source Files</Filter>
    </ClInclude>
    <ClInclude Include="inc\aabb.h">
      <Filter>Header Files</Filter>
    </ClInclude>
    <ClInclude Include="inc\box.h">
      <Filter>Header Files</Filter>
    </ClInclude>
    <ClInclude Include="inc\edge.h">
      <Filter>Header Files</Filter>
    </ClInclude>
    <ClInclude Include="inc\forceline.h">
      <Filter>Header Files</Filter>
    </ClInclude>
    <ClInclude Include="inc\mat3f.h">
      <Filter>Header Files</Filter>
    </ClInclude>
    <ClInclude Include="inc\tri.h">
      <Filter>Header Files</Filter>
    </ClInclude>
    <ClInclude Include="inc\vec3f.h">
      <Filter>Header Files</Filter>
    </ClInclude>
  </ItemGroup>
</Project>